
Microsoft Visual Studio Solution File, Format Version 12.00
# Visual Studio 15
VisualStudioVersion = 15.0.28307.645
MinimumVisualStudioVersion = 10.0.40219.1
Project("{FAE04EC0-301F-11D3-BF4B-00C04F79EFBC}") = "DataBase", "DataBase\DataBase.csproj", "{B33A85DC-37D4-4F8D-91AC-657E4E791FEE}"
EndProject
Project("{FAE04EC0-301F-11D3-BF4B-00C04F79EFBC}") = "GenerateXSD", "GenerateXSD\GenerateXSD.csproj", "{B7DE3B4E-8DBC-422D-AE99-585F915DAC21}"
EndProject
Global
	GlobalSection(SolutionConfigurationPlatforms) = preSolution
		Debug|Any CPU = Debug|Any CPU
		Release|Any CPU = Release|Any CPU
	EndGlobalSection
	GlobalSection(ProjectConfigurationPlatforms) = postSolution
		{B33A85DC-37D4-4F8D-91AC-657E4E791FEE}.Debug|Any CPU.ActiveCfg = Debug|Any CPU
		{B33A85DC-37D4-4F8D-91AC-657E4E791FEE}.Debug|Any CPU.Build.0 = Debug|Any CPU
		{B33A85DC-37D4-4F8D-91AC-657E4E791FEE}.Release|Any CPU.ActiveCfg = Release|Any CPU
		{B33A85DC-37D4-4F8D-91AC-657E4E791FEE}.Release|Any CPU.Build.0 = Release|Any CPU
		{B7DE3B4E-8DBC-422D-AE99-585F915DAC21}.Debug|Any CPU.ActiveCfg = Debug|Any CPU
		{B7DE3B4E-8DBC-422D-AE99-585F915DAC21}.Debug|Any CPU.Build.0 = Debug|Any CPU
		{B7DE3B4E-8DBC-422D-AE99-585F915DAC21}.Release|Any CPU.ActiveCfg = Release|Any CPU
		{B7DE3B4E-8DBC-422D-AE99-585F915DAC21}.Release|Any CPU.Build.0 = Release|Any CPU
	EndGlobalSection
	GlobalSection(SolutionProperties) = preSolution
		HideSolutionNode = FALSE
	EndGlobalSection
	GlobalSection(ExtensibilityGlobals) = postSolution
		SolutionGuid = {6AF6D995-A855-4B2E-8EB2-8C5F721B3326}
	EndGlobalSection
EndGlobal
